// !$*UTF8*$!
{
	archiveVersion = 1;
	classes = {
	};
	objectVersion = 51;
	objects = {

/* Begin PBXBuildFile section */
		02315B0724B5995C00166294 /* TMNetworkingViewModel.swift in Sources */ = {isa = PBXBuildFile; fileRef = 02315B0624B5995C00166294 /* TMNetworkingViewModel.swift */; };
		02528F3E24C5327900DD1EF3 /* GoogleService-Info.plist in Resources */ = {isa = PBXBuildFile; fileRef = 02528F3D24C5327800DD1EF3 /* GoogleService-Info.plist */; };
		0254A2AC24B4155100945CEA /* AppDelegate.swift in Sources */ = {isa = PBXBuildFile; fileRef = 0254A2AB24B4155100945CEA /* AppDelegate.swift */; };
		0254A2AE24B4155100945CEA /* SceneDelegate.swift in Sources */ = {isa = PBXBuildFile; fileRef = 0254A2AD24B4155100945CEA /* SceneDelegate.swift */; };
		0254A2B524B4155300945CEA /* Assets.xcassets in Resources */ = {isa = PBXBuildFile; fileRef = 0254A2B424B4155300945CEA /* Assets.xcassets */; };
		0254A2B824B4155300945CEA /* LaunchScreen.storyboard in Resources */ = {isa = PBXBuildFile; fileRef = 0254A2B624B4155300945CEA /* LaunchScreen.storyboard */; };
		0254A2C324B4155300945CEA /* TourGuideProjectTests.swift in Sources */ = {isa = PBXBuildFile; fileRef = 0254A2C224B4155300945CEA /* TourGuideProjectTests.swift */; };
		0254A2CE24B4155300945CEA /* TourGuideProjectUITests.swift in Sources */ = {isa = PBXBuildFile; fileRef = 0254A2CD24B4155300945CEA /* TourGuideProjectUITests.swift */; };
		0254A2DC24B415D600945CEA /* .gitignore in Resources */ = {isa = PBXBuildFile; fileRef = 0254A2DB24B415D600945CEA /* .gitignore */; };
		025956B524C68AB400B0CE2B /* break-dance.png in Resources */ = {isa = PBXBuildFile; fileRef = 025956B424C68AB400B0CE2B /* break-dance.png */; };
		025956B724C68B4100B0CE2B /* festival.png in Resources */ = {isa = PBXBuildFile; fileRef = 025956B624C68B4100B0CE2B /* festival.png */; };
		025956B924C68BAB00B0CE2B /* tour-guide.png in Resources */ = {isa = PBXBuildFile; fileRef = 025956B824C68BAB00B0CE2B /* tour-guide.png */; };
		025956BB24C68C6A00B0CE2B /* user.png in Resources */ = {isa = PBXBuildFile; fileRef = 025956BA24C68C6A00B0CE2B /* user.png */; };
		025B0E7924C1320400A80554 /* heart_full.png in Resources */ = {isa = PBXBuildFile; fileRef = 025B0E7724C1320400A80554 /* heart_full.png */; };
		025B0E7A24C1320400A80554 /* heart_empty.png in Resources */ = {isa = PBXBuildFile; fileRef = 025B0E7824C1320400A80554 /* heart_empty.png */; };
		025B0E7E24C1417900A80554 /* FestivalCell.swift in Sources */ = {isa = PBXBuildFile; fileRef = 025B0E7C24C1417900A80554 /* FestivalCell.swift */; };
		025B0E7F24C1417900A80554 /* FestivalCell.xib in Resources */ = {isa = PBXBuildFile; fileRef = 025B0E7D24C1417900A80554 /* FestivalCell.xib */; };
		025B0E8124C1541A00A80554 /* FestivalTableView.swift in Sources */ = {isa = PBXBuildFile; fileRef = 025B0E8024C1541A00A80554 /* FestivalTableView.swift */; };
		025B0E8324C18F3200A80554 /* FestivalDetailViewController.swift in Sources */ = {isa = PBXBuildFile; fileRef = 025B0E8224C18F3200A80554 /* FestivalDetailViewController.swift */; };
		026E603B24BD5D45001CB5D4 /* TourSpotCell.swift in Sources */ = {isa = PBXBuildFile; fileRef = 026E603924BD5D45001CB5D4 /* TourSpotCell.swift */; };
		026E603C24BD5D45001CB5D4 /* TourSpotCell.xib in Resources */ = {isa = PBXBuildFile; fileRef = 026E603A24BD5D45001CB5D4 /* TourSpotCell.xib */; };
		0277A1A224C02B9600F13874 /* TourSpotCollectionView.swift in Sources */ = {isa = PBXBuildFile; fileRef = 0277A1A124C02B9600F13874 /* TourSpotCollectionView.swift */; };
		0277A1A824C0374300F13874 /* TourSpotDetailViewController.swift in Sources */ = {isa = PBXBuildFile; fileRef = 0277A1A724C0374300F13874 /* TourSpotDetailViewController.swift */; };
		027F90CF24C91A11009899A3 /* TMTourSpotViewModel.swift in Sources */ = {isa = PBXBuildFile; fileRef = 027F90CE24C91A11009899A3 /* TMTourSpotViewModel.swift */; };
		027F90D124C95A01009899A3 /* TMTourSpotModel.swift in Sources */ = {isa = PBXBuildFile; fileRef = 027F90D024C95A01009899A3 /* TMTourSpotModel.swift */; };
		027F90D324C95A17009899A3 /* TMFestivalModel.swift in Sources */ = {isa = PBXBuildFile; fileRef = 027F90D224C95A17009899A3 /* TMFestivalModel.swift */; };
		027F90D724C98119009899A3 /* TGExtensions.swift in Sources */ = {isa = PBXBuildFile; fileRef = 027F90D624C98119009899A3 /* TGExtensions.swift */; };
		027F90F224CADD24009899A3 /* FestivalDetailView.swift in Sources */ = {isa = PBXBuildFile; fileRef = 027F90F124CADD24009899A3 /* FestivalDetailView.swift */; };
		027F90F424CAE151009899A3 /* TourSpotDetailView.swift in Sources */ = {isa = PBXBuildFile; fileRef = 027F90F324CAE151009899A3 /* TourSpotDetailView.swift */; };
		02D3EC3D24B7134F00446F7C /* TourSpotListViewController.swift in Sources */ = {isa = PBXBuildFile; fileRef = 02D3EC3C24B7134F00446F7C /* TourSpotListViewController.swift */; };
		02D3EC3F24B7137500446F7C /* FestivalListViewController.swift in Sources */ = {isa = PBXBuildFile; fileRef = 02D3EC3E24B7137500446F7C /* FestivalListViewController.swift */; };
		02D3EC4124B7138E00446F7C /* AccountViewController.swift in Sources */ = {isa = PBXBuildFile; fileRef = 02D3EC4024B7138E00446F7C /* AccountViewController.swift */; };
		02F4412C24C7D48600BB6A98 /* TMFestivalViewModel.swift in Sources */ = {isa = PBXBuildFile; fileRef = 02F4412B24C7D48600BB6A98 /* TMFestivalViewModel.swift */; };
		02F4412E24C8087900BB6A98 /* sing.png in Resources */ = {isa = PBXBuildFile; fileRef = 02F4412D24C8087800BB6A98 /* sing.png */; };
		02F4413024C80BED00BB6A98 /* happiness.png in Resources */ = {isa = PBXBuildFile; fileRef = 02F4412F24C80BED00BB6A98 /* happiness.png */; };
		1B2DAAE203B3C55F7DB08810 /* Pods_TourGuideProject_TourGuideProjectUITests.framework in Frameworks */ = {isa = PBXBuildFile; fileRef = 4F2EC76F3455E83306B709D6 /* Pods_TourGuideProject_TourGuideProjectUITests.framework */; };
		8CB24100C60F92A299031221 /* Pods_TourGuideProjectTests.framework in Frameworks */ = {isa = PBXBuildFile; fileRef = 5078FB52E117B4CFC33DE7D4 /* Pods_TourGuideProjectTests.framework */; };
		C1DA969FB55A4B8B53F30DA4 /* Pods_TourGuideProject.framework in Frameworks */ = {isa = PBXBuildFile; fileRef = EF26D61086C15BE86A78587A /* Pods_TourGuideProject.framework */; };
/* End PBXBuildFile section */

/* Begin PBXContainerItemProxy section */
		0254A2BF24B4155300945CEA /* PBXContainerItemProxy */ = {
			isa = PBXContainerItemProxy;
			containerPortal = 0254A2A024B4155100945CEA /* Project object */;
			proxyType = 1;
			remoteGlobalIDString = 0254A2A724B4155100945CEA;
			remoteInfo = TourGuideProject;
		};
		0254A2CA24B4155300945CEA /* PBXContainerItemProxy */ = {
			isa = PBXContainerItemProxy;
			containerPortal = 0254A2A024B4155100945CEA /* Project object */;
			proxyType = 1;
			remoteGlobalIDString = 0254A2A724B4155100945CEA;
			remoteInfo = TourGuideProject;
		};
/* End PBXContainerItemProxy section */

/* Begin PBXFileReference section */
		02315B0624B5995C00166294 /* TMNetworkingViewModel.swift */ = {isa = PBXFileReference; lastKnownFileType = sourcecode.swift; path = TMNetworkingViewModel.swift; sourceTree = "<group>"; };
		02528F3D24C5327800DD1EF3 /* GoogleService-Info.plist */ = {isa = PBXFileReference; fileEncoding = 4; lastKnownFileType = text.plist.xml; path = "GoogleService-Info.plist"; sourceTree = "<group>"; };
		0254A2A824B4155100945CEA /* TourGuideProject.app */ = {isa = PBXFileReference; explicitFileType = wrapper.application; includeInIndex = 0; path = TourGuideProject.app; sourceTree = BUILT_PRODUCTS_DIR; };
		0254A2AB24B4155100945CEA /* AppDelegate.swift */ = {isa = PBXFileReference; lastKnownFileType = sourcecode.swift; path = AppDelegate.swift; sourceTree = "<group>"; };
		0254A2AD24B4155100945CEA /* SceneDelegate.swift */ = {isa = PBXFileReference; lastKnownFileType = sourcecode.swift; path = SceneDelegate.swift; sourceTree = "<group>"; };
		0254A2B424B4155300945CEA /* Assets.xcassets */ = {isa = PBXFileReference; lastKnownFileType = folder.assetcatalog; path = Assets.xcassets; sourceTree = "<group>"; };
		0254A2B724B4155300945CEA /* Base */ = {isa = PBXFileReference; lastKnownFileType = file.storyboard; name = Base; path = Base.lproj/LaunchScreen.storyboard; sourceTree = "<group>"; };
		0254A2B924B4155300945CEA /* Info.plist */ = {isa = PBXFileReference; lastKnownFileType = text.plist.xml; path = Info.plist; sourceTree = "<group>"; };
		0254A2BE24B4155300945CEA /* TourGuideProjectTests.xctest */ = {isa = PBXFileReference; explicitFileType = wrapper.cfbundle; includeInIndex = 0; path = TourGuideProjectTests.xctest; sourceTree = BUILT_PRODUCTS_DIR; };
		0254A2C224B4155300945CEA /* TourGuideProjectTests.swift */ = {isa = PBXFileReference; lastKnownFileType = sourcecode.swift; path = TourGuideProjectTests.swift; sourceTree = "<group>"; };
		0254A2C424B4155300945CEA /* Info.plist */ = {isa = PBXFileReference; lastKnownFileType = text.plist.xml; path = Info.plist; sourceTree = "<group>"; };
		0254A2C924B4155300945CEA /* TourGuideProjectUITests.xctest */ = {isa = PBXFileReference; explicitFileType = wrapper.cfbundle; includeInIndex = 0; path = TourGuideProjectUITests.xctest; sourceTree = BUILT_PRODUCTS_DIR; };
		0254A2CD24B4155300945CEA /* TourGuideProjectUITests.swift */ = {isa = PBXFileReference; lastKnownFileType = sourcecode.swift; path = TourGuideProjectUITests.swift; sourceTree = "<group>"; };
		0254A2CF24B4155300945CEA /* Info.plist */ = {isa = PBXFileReference; lastKnownFileType = text.plist.xml; path = Info.plist; sourceTree = "<group>"; };
		0254A2DB24B415D600945CEA /* .gitignore */ = {isa = PBXFileReference; lastKnownFileType = text; path = .gitignore; sourceTree = "<group>"; };
		025956B424C68AB400B0CE2B /* break-dance.png */ = {isa = PBXFileReference; lastKnownFileType = image.png; path = "break-dance.png"; sourceTree = "<group>"; };
		025956B624C68B4100B0CE2B /* festival.png */ = {isa = PBXFileReference; lastKnownFileType = image.png; path = festival.png; sourceTree = "<group>"; };
		025956B824C68BAB00B0CE2B /* tour-guide.png */ = {isa = PBXFileReference; lastKnownFileType = image.png; path = "tour-guide.png"; sourceTree = "<group>"; };
		025956BA24C68C6A00B0CE2B /* user.png */ = {isa = PBXFileReference; lastKnownFileType = image.png; path = user.png; sourceTree = "<group>"; };
		025B0E7724C1320400A80554 /* heart_full.png */ = {isa = PBXFileReference; lastKnownFileType = image.png; path = heart_full.png; sourceTree = "<group>"; };
		025B0E7824C1320400A80554 /* heart_empty.png */ = {isa = PBXFileReference; lastKnownFileType = image.png; path = heart_empty.png; sourceTree = "<group>"; };
		025B0E7C24C1417900A80554 /* FestivalCell.swift */ = {isa = PBXFileReference; lastKnownFileType = sourcecode.swift; path = FestivalCell.swift; sourceTree = "<group>"; };
		025B0E7D24C1417900A80554 /* FestivalCell.xib */ = {isa = PBXFileReference; lastKnownFileType = file.xib; path = FestivalCell.xib; sourceTree = "<group>"; };
		025B0E8024C1541A00A80554 /* FestivalTableView.swift */ = {isa = PBXFileReference; lastKnownFileType = sourcecode.swift; path = FestivalTableView.swift; sourceTree = "<group>"; };
		025B0E8224C18F3200A80554 /* FestivalDetailViewController.swift */ = {isa = PBXFileReference; lastKnownFileType = sourcecode.swift; path = FestivalDetailViewController.swift; sourceTree = "<group>"; };
		026E603924BD5D45001CB5D4 /* TourSpotCell.swift */ = {isa = PBXFileReference; lastKnownFileType = sourcecode.swift; path = TourSpotCell.swift; sourceTree = "<group>"; };
		026E603A24BD5D45001CB5D4 /* TourSpotCell.xib */ = {isa = PBXFileReference; lastKnownFileType = file.xib; path = TourSpotCell.xib; sourceTree = "<group>"; };
		0277A1A124C02B9600F13874 /* TourSpotCollectionView.swift */ = {isa = PBXFileReference; lastKnownFileType = sourcecode.swift; path = TourSpotCollectionView.swift; sourceTree = "<group>"; };
		0277A1A724C0374300F13874 /* TourSpotDetailViewController.swift */ = {isa = PBXFileReference; lastKnownFileType = sourcecode.swift; path = TourSpotDetailViewController.swift; sourceTree = "<group>"; };
		027F90CE24C91A11009899A3 /* TMTourSpotViewModel.swift */ = {isa = PBXFileReference; lastKnownFileType = sourcecode.swift; path = TMTourSpotViewModel.swift; sourceTree = "<group>"; };
		027F90D024C95A01009899A3 /* TMTourSpotModel.swift */ = {isa = PBXFileReference; lastKnownFileType = sourcecode.swift; path = TMTourSpotModel.swift; sourceTree = "<group>"; };
		027F90D224C95A17009899A3 /* TMFestivalModel.swift */ = {isa = PBXFileReference; lastKnownFileType = sourcecode.swift; path = TMFestivalModel.swift; sourceTree = "<group>"; };
		027F90D624C98119009899A3 /* TGExtensions.swift */ = {isa = PBXFileReference; lastKnownFileType = sourcecode.swift; path = TGExtensions.swift; sourceTree = "<group>"; };
		027F90F124CADD24009899A3 /* FestivalDetailView.swift */ = {isa = PBXFileReference; lastKnownFileType = sourcecode.swift; path = FestivalDetailView.swift; sourceTree = "<group>"; };
		027F90F324CAE151009899A3 /* TourSpotDetailView.swift */ = {isa = PBXFileReference; lastKnownFileType = sourcecode.swift; path = TourSpotDetailView.swift; sourceTree = "<group>"; };
		02D3EC3C24B7134F00446F7C /* TourSpotListViewController.swift */ = {isa = PBXFileReference; lastKnownFileType = sourcecode.swift; path = TourSpotListViewController.swift; sourceTree = "<group>"; };
		02D3EC3E24B7137500446F7C /* FestivalListViewController.swift */ = {isa = PBXFileReference; lastKnownFileType = sourcecode.swift; path = FestivalListViewController.swift; sourceTree = "<group>"; };
		02D3EC4024B7138E00446F7C /* AccountViewController.swift */ = {isa = PBXFileReference; lastKnownFileType = sourcecode.swift; path = AccountViewController.swift; sourceTree = "<group>"; };
		02F4412B24C7D48600BB6A98 /* TMFestivalViewModel.swift */ = {isa = PBXFileReference; lastKnownFileType = sourcecode.swift; path = TMFestivalViewModel.swift; sourceTree = "<group>"; };
		02F4412D24C8087800BB6A98 /* sing.png */ = {isa = PBXFileReference; lastKnownFileType = image.png; path = sing.png; sourceTree = "<group>"; };
		02F4412F24C80BED00BB6A98 /* happiness.png */ = {isa = PBXFileReference; lastKnownFileType = image.png; path = happiness.png; sourceTree = "<group>"; };
		4AD49760D0171AE8282A7613 /* Pods-TourGuideProject.release.xcconfig */ = {isa = PBXFileReference; includeInIndex = 1; lastKnownFileType = text.xcconfig; name = "Pods-TourGuideProject.release.xcconfig"; path = "Target Support Files/Pods-TourGuideProject/Pods-TourGuideProject.release.xcconfig"; sourceTree = "<group>"; };
		4F2EC76F3455E83306B709D6 /* Pods_TourGuideProject_TourGuideProjectUITests.framework */ = {isa = PBXFileReference; explicitFileType = wrapper.framework; includeInIndex = 0; path = Pods_TourGuideProject_TourGuideProjectUITests.framework; sourceTree = BUILT_PRODUCTS_DIR; };
		5078FB52E117B4CFC33DE7D4 /* Pods_TourGuideProjectTests.framework */ = {isa = PBXFileReference; explicitFileType = wrapper.framework; includeInIndex = 0; path = Pods_TourGuideProjectTests.framework; sourceTree = BUILT_PRODUCTS_DIR; };
		80EBBE3A063824D605F3B2BB /* Pods-TourGuideProjectTests.release.xcconfig */ = {isa = PBXFileReference; includeInIndex = 1; lastKnownFileType = text.xcconfig; name = "Pods-TourGuideProjectTests.release.xcconfig"; path = "Target Support Files/Pods-TourGuideProjectTests/Pods-TourGuideProjectTests.release.xcconfig"; sourceTree = "<group>"; };
		8E70A0CD891402995CD34F5E /* Pods-TourGuideProject-TourGuideProjectUITests.debug.xcconfig */ = {isa = PBXFileReference; includeInIndex = 1; lastKnownFileType = text.xcconfig; name = "Pods-TourGuideProject-TourGuideProjectUITests.debug.xcconfig"; path = "Target Support Files/Pods-TourGuideProject-TourGuideProjectUITests/Pods-TourGuideProject-TourGuideProjectUITests.debug.xcconfig"; sourceTree = "<group>"; };
		B284EF3E6B41EB84C3F8EDA7 /* Pods-TourGuideProject.debug.xcconfig */ = {isa = PBXFileReference; includeInIndex = 1; lastKnownFileType = text.xcconfig; name = "Pods-TourGuideProject.debug.xcconfig"; path = "Target Support Files/Pods-TourGuideProject/Pods-TourGuideProject.debug.xcconfig"; sourceTree = "<group>"; };
		D7D0FE120F7C40D191936229 /* Pods-TourGuideProject-TourGuideProjectUITests.release.xcconfig */ = {isa = PBXFileReference; includeInIndex = 1; lastKnownFileType = text.xcconfig; name = "Pods-TourGuideProject-TourGuideProjectUITests.release.xcconfig"; path = "Target Support Files/Pods-TourGuideProject-TourGuideProjectUITests/Pods-TourGuideProject-TourGuideProjectUITests.release.xcconfig"; sourceTree = "<group>"; };
		EF26D61086C15BE86A78587A /* Pods_TourGuideProject.framework */ = {isa = PBXFileReference; explicitFileType = wrapper.framework; includeInIndex = 0; path = Pods_TourGuideProject.framework; sourceTree = BUILT_PRODUCTS_DIR; };
		F21B74F446F8A7B6FDBD90DA /* Pods-TourGuideProjectTests.debug.xcconfig */ = {isa = PBXFileReference; includeInIndex = 1; lastKnownFileType = text.xcconfig; name = "Pods-TourGuideProjectTests.debug.xcconfig"; path = "Target Support Files/Pods-TourGuideProjectTests/Pods-TourGuideProjectTests.debug.xcconfig"; sourceTree = "<group>"; };
/* End PBXFileReference section */

/* Begin PBXFrameworksBuildPhase section */
		0254A2A524B4155100945CEA /* Frameworks */ = {
			isa = PBXFrameworksBuildPhase;
			buildActionMask = 2147483647;
			files = (
				C1DA969FB55A4B8B53F30DA4 /* Pods_TourGuideProject.framework in Frameworks */,
			);
			runOnlyForDeploymentPostprocessing = 0;
		};
		0254A2BB24B4155300945CEA /* Frameworks */ = {
			isa = PBXFrameworksBuildPhase;
			buildActionMask = 2147483647;
			files = (
				8CB24100C60F92A299031221 /* Pods_TourGuideProjectTests.framework in Frameworks */,
			);
			runOnlyForDeploymentPostprocessing = 0;
		};
		0254A2C624B4155300945CEA /* Frameworks */ = {
			isa = PBXFrameworksBuildPhase;
			buildActionMask = 2147483647;
			files = (
				1B2DAAE203B3C55F7DB08810 /* Pods_TourGuideProject_TourGuideProjectUITests.framework in Frameworks */,
			);
			runOnlyForDeploymentPostprocessing = 0;
		};
/* End PBXFrameworksBuildPhase section */

/* Begin PBXGroup section */
		019A14C483F207EA6CE250A0 /* Pods */ = {
			isa = PBXGroup;
			children = (
				B284EF3E6B41EB84C3F8EDA7 /* Pods-TourGuideProject.debug.xcconfig */,
				4AD49760D0171AE8282A7613 /* Pods-TourGuideProject.release.xcconfig */,
				8E70A0CD891402995CD34F5E /* Pods-TourGuideProject-TourGuideProjectUITests.debug.xcconfig */,
				D7D0FE120F7C40D191936229 /* Pods-TourGuideProject-TourGuideProjectUITests.release.xcconfig */,
				F21B74F446F8A7B6FDBD90DA /* Pods-TourGuideProjectTests.debug.xcconfig */,
				80EBBE3A063824D605F3B2BB /* Pods-TourGuideProjectTests.release.xcconfig */,
			);
			path = Pods;
			sourceTree = "<group>";
		};
		0254A29F24B4155100945CEA = {
			isa = PBXGroup;
			children = (
				02528F3D24C5327800DD1EF3 /* GoogleService-Info.plist */,
				0254A2DB24B415D600945CEA /* .gitignore */,
				0254A2AA24B4155100945CEA /* TourGuideProject */,
				0254A2C124B4155300945CEA /* TourGuideProjectTests */,
				0254A2CC24B4155300945CEA /* TourGuideProjectUITests */,
				0254A2A924B4155100945CEA /* Products */,
				019A14C483F207EA6CE250A0 /* Pods */,
				1D98D3F9D5CB21CD217D5BE2 /* Frameworks */,
			);
			sourceTree = "<group>";
		};
		0254A2A924B4155100945CEA /* Products */ = {
			isa = PBXGroup;
			children = (
				0254A2A824B4155100945CEA /* TourGuideProject.app */,
				0254A2BE24B4155300945CEA /* TourGuideProjectTests.xctest */,
				0254A2C924B4155300945CEA /* TourGuideProjectUITests.xctest */,
			);
			name = Products;
			sourceTree = "<group>";
		};
		0254A2AA24B4155100945CEA /* TourGuideProject */ = {
			isa = PBXGroup;
			children = (
				025B0E7B24C13A5D00A80554 /* Resources */,
				0277A1A624C0322500F13874 /* Account */,
				0277A1A524C0321800F13874 /* Util */,
				0277A1A424C031FC00F13874 /* Festival */,
				0277A1A324C02E7500F13874 /* TourSpot */,
				0254A2B424B4155300945CEA /* Assets.xcassets */,
				0254A2B924B4155300945CEA /* Info.plist */,
			);
			path = TourGuideProject;
			sourceTree = "<group>";
		};
		0254A2C124B4155300945CEA /* TourGuideProjectTests */ = {
			isa = PBXGroup;
			children = (
				0254A2C224B4155300945CEA /* TourGuideProjectTests.swift */,
				0254A2C424B4155300945CEA /* Info.plist */,
			);
			path = TourGuideProjectTests;
			sourceTree = "<group>";
		};
		0254A2CC24B4155300945CEA /* TourGuideProjectUITests */ = {
			isa = PBXGroup;
			children = (
				0254A2CD24B4155300945CEA /* TourGuideProjectUITests.swift */,
				0254A2CF24B4155300945CEA /* Info.plist */,
			);
			path = TourGuideProjectUITests;
			sourceTree = "<group>";
		};
		025B0E7B24C13A5D00A80554 /* Resources */ = {
			isa = PBXGroup;
			children = (
				02F4412F24C80BED00BB6A98 /* happiness.png */,
				02F4412D24C8087800BB6A98 /* sing.png */,
				025B0E7824C1320400A80554 /* heart_empty.png */,
				025B0E7724C1320400A80554 /* heart_full.png */,
				025956BA24C68C6A00B0CE2B /* user.png */,
				025956B824C68BAB00B0CE2B /* tour-guide.png */,
				025956B424C68AB400B0CE2B /* break-dance.png */,
				025956B624C68B4100B0CE2B /* festival.png */,
			);
			path = Resources;
			sourceTree = "<group>";
		};
		0277A1A324C02E7500F13874 /* TourSpot */ = {
			isa = PBXGroup;
			children = (
				027F90E224CAB318009899A3 /* Model */,
				027F90DD24CA7031009899A3 /* Detail */,
				027F90DC24CA7016009899A3 /* Main */,
			);
			path = TourSpot;
			sourceTree = "<group>";
		};
		0277A1A424C031FC00F13874 /* Festival */ = {
			isa = PBXGroup;
			children = (
				027F90F024CAD058009899A3 /* Model */,
				027F90ED24CACF08009899A3 /* Main */,
				027F90EC24CACC4A009899A3 /* Detail */,
			);
			path = Festival;
			sourceTree = "<group>";
		};
		0277A1A524C0321800F13874 /* Util */ = {
			isa = PBXGroup;
			children = (
				0254A2B624B4155300945CEA /* LaunchScreen.storyboard */,
				0254A2AB24B4155100945CEA /* AppDelegate.swift */,
				0254A2AD24B4155100945CEA /* SceneDelegate.swift */,
				02315B0624B5995C00166294 /* TMNetworkingViewModel.swift */,
				027F90D624C98119009899A3 /* TGExtensions.swift */,
			);
			path = Util;
			sourceTree = "<group>";
		};
		0277A1A624C0322500F13874 /* Account */ = {
			isa = PBXGroup;
			children = (
				02D3EC4024B7138E00446F7C /* AccountViewController.swift */,
			);
			path = Account;
			sourceTree = "<group>";
		};
		027F90DC24CA7016009899A3 /* Main */ = {
			isa = PBXGroup;
			children = (
				02D3EC3C24B7134F00446F7C /* TourSpotListViewController.swift */,
				0277A1A124C02B9600F13874 /* TourSpotCollectionView.swift */,
				026E603A24BD5D45001CB5D4 /* TourSpotCell.xib */,
				026E603924BD5D45001CB5D4 /* TourSpotCell.swift */,
			);
			name = Main;
			sourceTree = "<group>";
		};
		027F90DD24CA7031009899A3 /* Detail */ = {
			isa = PBXGroup;
			children = (
				0277A1A724C0374300F13874 /* TourSpotDetailViewController.swift */,
				027F90F324CAE151009899A3 /* TourSpotDetailView.swift */,
			);
			name = Detail;
			sourceTree = "<group>";
		};
		027F90E224CAB318009899A3 /* Model */ = {
			isa = PBXGroup;
			children = (
				027F90CE24C91A11009899A3 /* TMTourSpotViewModel.swift */,
				027F90D024C95A01009899A3 /* TMTourSpotModel.swift */,
			);
			path = Model;
			sourceTree = "<group>";
		};
		027F90EC24CACC4A009899A3 /* Detail */ = {
			isa = PBXGroup;
			children = (
				025B0E8224C18F3200A80554 /* FestivalDetailViewController.swift */,
				027F90F124CADD24009899A3 /* FestivalDetailView.swift */,
			);
			name = Detail;
			sourceTree = "<group>";
		};
		027F90ED24CACF08009899A3 /* Main */ = {
			isa = PBXGroup;
			children = (
				025B0E7C24C1417900A80554 /* FestivalCell.swift */,
				025B0E7D24C1417900A80554 /* FestivalCell.xib */,
				02D3EC3E24B7137500446F7C /* FestivalListViewController.swift */,
				025B0E8024C1541A00A80554 /* FestivalTableView.swift */,
			);
			name = Main;
			sourceTree = "<group>";
		};
		027F90F024CAD058009899A3 /* Model */ = {
			isa = PBXGroup;
			children = (
				02F4412B24C7D48600BB6A98 /* TMFestivalViewModel.swift */,
				027F90D224C95A17009899A3 /* TMFestivalModel.swift */,
			);
			name = Model;
			sourceTree = "<group>";
		};
		1D98D3F9D5CB21CD217D5BE2 /* Frameworks */ = {
			isa = PBXGroup;
			children = (
				EF26D61086C15BE86A78587A /* Pods_TourGuideProject.framework */,
				4F2EC76F3455E83306B709D6 /* Pods_TourGuideProject_TourGuideProjectUITests.framework */,
				5078FB52E117B4CFC33DE7D4 /* Pods_TourGuideProjectTests.framework */,
			);
			name = Frameworks;
			sourceTree = "<group>";
		};
/* End PBXGroup section */

/* Begin PBXNativeTarget section */
		0254A2A724B4155100945CEA /* TourGuideProject */ = {
			isa = PBXNativeTarget;
			buildConfigurationList = 0254A2D224B4155300945CEA /* Build configuration list for PBXNativeTarget "TourGuideProject" */;
			buildPhases = (
				F6E482BADE5374F1B9692DA5 /* [CP] Check Pods Manifest.lock */,
				0254A2A424B4155100945CEA /* Sources */,
				0254A2A524B4155100945CEA /* Frameworks */,
				0254A2A624B4155100945CEA /* Resources */,
				BA18ED224F8F27E48F1E82CC /* [CP] Embed Pods Frameworks */,
			);
			buildRules = (
			);
			dependencies = (
			);
			name = TourGuideProject;
			productName = TourGuideProject;
			productReference = 0254A2A824B4155100945CEA /* TourGuideProject.app */;
			productType = "com.apple.product-type.application";
		};
		0254A2BD24B4155300945CEA /* TourGuideProjectTests */ = {
			isa = PBXNativeTarget;
			buildConfigurationList = 0254A2D524B4155300945CEA /* Build configuration list for PBXNativeTarget "TourGuideProjectTests" */;
			buildPhases = (
				EAE17E5DE53F36BAC8EBDF9C /* [CP] Check Pods Manifest.lock */,
				0254A2BA24B4155300945CEA /* Sources */,
				0254A2BB24B4155300945CEA /* Frameworks */,
				0254A2BC24B4155300945CEA /* Resources */,
			);
			buildRules = (
			);
			dependencies = (
				0254A2C024B4155300945CEA /* PBXTargetDependency */,
			);
			name = TourGuideProjectTests;
			productName = TourGuideProjectTests;
			productReference = 0254A2BE24B4155300945CEA /* TourGuideProjectTests.xctest */;
			productType = "com.apple.product-type.bundle.unit-test";
		};
		0254A2C824B4155300945CEA /* TourGuideProjectUITests */ = {
			isa = PBXNativeTarget;
			buildConfigurationList = 0254A2D824B4155300945CEA /* Build configuration list for PBXNativeTarget "TourGuideProjectUITests" */;
			buildPhases = (
				F778475ED90D00A13568FBD5 /* [CP] Check Pods Manifest.lock */,
				0254A2C524B4155300945CEA /* Sources */,
				0254A2C624B4155300945CEA /* Frameworks */,
				0254A2C724B4155300945CEA /* Resources */,
				F08AEDA62DA2BF2348337B95 /* [CP] Embed Pods Frameworks */,
			);
			buildRules = (
			);
			dependencies = (
				0254A2CB24B4155300945CEA /* PBXTargetDependency */,
			);
			name = TourGuideProjectUITests;
			productName = TourGuideProjectUITests;
			productReference = 0254A2C924B4155300945CEA /* TourGuideProjectUITests.xctest */;
			productType = "com.apple.product-type.bundle.ui-testing";
		};
/* End PBXNativeTarget section */

/* Begin PBXProject section */
		0254A2A024B4155100945CEA /* Project object */ = {
			isa = PBXProject;
			attributes = {
				LastSwiftUpdateCheck = 1150;
				LastUpgradeCheck = 1150;
				ORGANIZATIONNAME = hyunndy;
				TargetAttributes = {
					0254A2A724B4155100945CEA = {
						CreatedOnToolsVersion = 11.5;
					};
					0254A2BD24B4155300945CEA = {
						CreatedOnToolsVersion = 11.5;
						TestTargetID = 0254A2A724B4155100945CEA;
					};
					0254A2C824B4155300945CEA = {
						CreatedOnToolsVersion = 11.5;
						TestTargetID = 0254A2A724B4155100945CEA;
					};
				};
			};
			buildConfigurationList = 0254A2A324B4155100945CEA /* Build configuration list for PBXProject "TourGuideProject" */;
			compatibilityVersion = "Xcode 9.3";
			developmentRegion = en;
			hasScannedForEncodings = 0;
			knownRegions = (
				en,
				Base,
			);
			mainGroup = 0254A29F24B4155100945CEA;
			productRefGroup = 0254A2A924B4155100945CEA /* Products */;
			projectDirPath = "";
			projectRoot = "";
			targets = (
				0254A2A724B4155100945CEA /* TourGuideProject */,
				0254A2BD24B4155300945CEA /* TourGuideProjectTests */,
				0254A2C824B4155300945CEA /* TourGuideProjectUITests */,
			);
		};
/* End PBXProject section */

/* Begin PBXResourcesBuildPhase section */
		0254A2A624B4155100945CEA /* Resources */ = {
			isa = PBXResourcesBuildPhase;
			buildActionMask = 2147483647;
			files = (
				025B0E7924C1320400A80554 /* heart_full.png in Resources */,
				025956B524C68AB400B0CE2B /* break-dance.png in Resources */,
				025956BB24C68C6A00B0CE2B /* user.png in Resources */,
				026E603C24BD5D45001CB5D4 /* TourSpotCell.xib in Resources */,
				025B0E7A24C1320400A80554 /* heart_empty.png in Resources */,
				02F4412E24C8087900BB6A98 /* sing.png in Resources */,
				025956B924C68BAB00B0CE2B /* tour-guide.png in Resources */,
				025B0E7F24C1417900A80554 /* FestivalCell.xib in Resources */,
				0254A2DC24B415D600945CEA /* .gitignore in Resources */,
				02F4413024C80BED00BB6A98 /* happiness.png in Resources */,
				0254A2B824B4155300945CEA /* LaunchScreen.storyboard in Resources */,
				0254A2B524B4155300945CEA /* Assets.xcassets in Resources */,
				02528F3E24C5327900DD1EF3 /* GoogleService-Info.plist in Resources */,
				025956B724C68B4100B0CE2B /* festival.png in Resources */,
			);
			runOnlyForDeploymentPostprocessing = 0;
		};
		0254A2BC24B4155300945CEA /* Resources */ = {
			isa = PBXResourcesBuildPhase;
			buildActionMask = 2147483647;
			files = (
			);
			runOnlyForDeploymentPostprocessing = 0;
		};
		0254A2C724B4155300945CEA /* Resources */ = {
			isa = PBXResourcesBuildPhase;
			buildActionMask = 2147483647;
			files = (
			);
			runOnlyForDeploymentPostprocessing = 0;
		};
/* End PBXResourcesBuildPhase section */

/* Begin PBXShellScriptBuildPhase section */
		BA18ED224F8F27E48F1E82CC /* [CP] Embed Pods Frameworks */ = {
			isa = PBXShellScriptBuildPhase;
			buildActionMask = 2147483647;
			files = (
			);
			inputFileListPaths = (
				"${PODS_ROOT}/Target Support Files/Pods-TourGuideProject/Pods-TourGuideProject-frameworks-${CONFIGURATION}-input-files.xcfilelist",
			);
			name = "[CP] Embed Pods Frameworks";
			outputFileListPaths = (
				"${PODS_ROOT}/Target Support Files/Pods-TourGuideProject/Pods-TourGuideProject-frameworks-${CONFIGURATION}-output-files.xcfilelist",
			);
			runOnlyForDeploymentPostprocessing = 0;
			shellPath = /bin/sh;
			shellScript = "\"${PODS_ROOT}/Target Support Files/Pods-TourGuideProject/Pods-TourGuideProject-frameworks.sh\"\n";
			showEnvVarsInLog = 0;
		};
		EAE17E5DE53F36BAC8EBDF9C /* [CP] Check Pods Manifest.lock */ = {
			isa = PBXShellScriptBuildPhase;
			buildActionMask = 2147483647;
			files = (
			);
			inputFileListPaths = (
			);
			inputPaths = (
				"${PODS_PODFILE_DIR_PATH}/Podfile.lock",
				"${PODS_ROOT}/Manifest.lock",
			);
			name = "[CP] Check Pods Manifest.lock";
			outputFileListPaths = (
			);
			outputPaths = (
				"$(DERIVED_FILE_DIR)/Pods-TourGuideProjectTests-checkManifestLockResult.txt",
			);
			runOnlyForDeploymentPostprocessing = 0;
			shellPath = /bin/sh;
			shellScript = "diff \"${PODS_PODFILE_DIR_PATH}/Podfile.lock\" \"${PODS_ROOT}/Manifest.lock\" > /dev/null\nif [ $? != 0 ] ; then\n    # print error to STDERR\n    echo \"error: The sandbox is not in sync with the Podfile.lock. Run 'pod install' or update your CocoaPods installation.\" >&2\n    exit 1\nfi\n# This output is used by Xcode 'outputs' to avoid re-running this script phase.\necho \"SUCCESS\" > \"${SCRIPT_OUTPUT_FILE_0}\"\n";
			showEnvVarsInLog = 0;
		};
		F08AEDA62DA2BF2348337B95 /* [CP] Embed Pods Frameworks */ = {
			isa = PBXShellScriptBuildPhase;
			buildActionMask = 2147483647;
			files = (
			);
			inputFileListPaths = (
				"${PODS_ROOT}/Target Support Files/Pods-TourGuideProject-TourGuideProjectUITests/Pods-TourGuideProject-TourGuideProjectUITests-frameworks-${CONFIGURATION}-input-files.xcfilelist",
			);
			name = "[CP] Embed Pods Frameworks";
			outputFileListPaths = (
				"${PODS_ROOT}/Target Support Files/Pods-TourGuideProject-TourGuideProjectUITests/Pods-TourGuideProject-TourGuideProjectUITests-frameworks-${CONFIGURATION}-output-files.xcfilelist",
			);
			runOnlyForDeploymentPostprocessing = 0;
			shellPath = /bin/sh;
			shellScript = "\"${PODS_ROOT}/Target Support Files/Pods-TourGuideProject-TourGuideProjectUITests/Pods-TourGuideProject-TourGuideProjectUITests-frameworks.sh\"\n";
			showEnvVarsInLog = 0;
		};
		F6E482BADE5374F1B9692DA5 /* [CP] Check Pods Manifest.lock */ = {
			isa = PBXShellScriptBuildPhase;
			buildActionMask = 2147483647;
			files = (
			);
			inputFileListPaths = (
			);
			inputPaths = (
				"${PODS_PODFILE_DIR_PATH}/Podfile.lock",
				"${PODS_ROOT}/Manifest.lock",
			);
			name = "[CP] Check Pods Manifest.lock";
			outputFileListPaths = (
			);
			outputPaths = (
				"$(DERIVED_FILE_DIR)/Pods-TourGuideProject-checkManifestLockResult.txt",
			);
			runOnlyForDeploymentPostprocessing = 0;
			shellPath = /bin/sh;
			shellScript = "diff \"${PODS_PODFILE_DIR_PATH}/Podfile.lock\" \"${PODS_ROOT}/Manifest.lock\" > /dev/null\nif [ $? != 0 ] ; then\n    # print error to STDERR\n    echo \"error: The sandbox is not in sync with the Podfile.lock. Run 'pod install' or update your CocoaPods installation.\" >&2\n    exit 1\nfi\n# This output is used by Xcode 'outputs' to avoid re-running this script phase.\necho \"SUCCESS\" > \"${SCRIPT_OUTPUT_FILE_0}\"\n";
			showEnvVarsInLog = 0;
		};
		F778475ED90D00A13568FBD5 /* [CP] Check Pods Manifest.lock */ = {
			isa = PBXShellScriptBuildPhase;
			buildActionMask = 2147483647;
			files = (
			);
			inputFileListPaths = (
			);
			inputPaths = (
				"${PODS_PODFILE_DIR_PATH}/Podfile.lock",
				"${PODS_ROOT}/Manifest.lock",
			);
			name = "[CP] Check Pods Manifest.lock";
			outputFileListPaths = (
			);
			outputPaths = (
				"$(DERIVED_FILE_DIR)/Pods-TourGuideProject-TourGuideProjectUITests-checkManifestLockResult.txt",
			);
			runOnlyForDeploymentPostprocessing = 0;
			shellPath = /bin/sh;
			shellScript = "diff \"${PODS_PODFILE_DIR_PATH}/Podfile.lock\" \"${PODS_ROOT}/Manifest.lock\" > /dev/null\nif [ $? != 0 ] ; then\n    # print error to STDERR\n    echo \"error: The sandbox is not in sync with the Podfile.lock. Run 'pod install' or update your CocoaPods installation.\" >&2\n    exit 1\nfi\n# This output is used by Xcode 'outputs' to avoid re-running this script phase.\necho \"SUCCESS\" > \"${SCRIPT_OUTPUT_FILE_0}\"\n";
			showEnvVarsInLog = 0;
		};
/* End PBXShellScriptBuildPhase section */

/* Begin PBXSourcesBuildPhase section */
		0254A2A424B4155100945CEA /* Sources */ = {
			isa = PBXSourcesBuildPhase;
			buildActionMask = 2147483647;
			files = (
				027F90CF24C91A11009899A3 /* TMTourSpotViewModel.swift in Sources */,
				02D3EC3F24B7137500446F7C /* FestivalListViewController.swift in Sources */,
				027F90D724C98119009899A3 /* TGExtensions.swift in Sources */,
				02315B0724B5995C00166294 /* TMNetworkingViewModel.swift in Sources */,
				02F4412C24C7D48600BB6A98 /* TMFestivalViewModel.swift in Sources */,
				025B0E8324C18F3200A80554 /* FestivalDetailViewController.swift in Sources */,
				0277A1A224C02B9600F13874 /* TourSpotCollectionView.swift in Sources */,
				0277A1A824C0374300F13874 /* TourSpotDetailViewController.swift in Sources */,
				027F90F424CAE151009899A3 /* TourSpotDetailView.swift in Sources */,
				027F90D124C95A01009899A3 /* TMTourSpotModel.swift in Sources */,
				027F90D324C95A17009899A3 /* TMFestivalModel.swift in Sources */,
				025B0E7E24C1417900A80554 /* FestivalCell.swift in Sources */,
				0254A2AC24B4155100945CEA /* AppDelegate.swift in Sources */,
				02D3EC3D24B7134F00446F7C /* TourSpotListViewController.swift in Sources */,
				0254A2AE24B4155100945CEA /* SceneDelegate.swift in Sources */,
				02D3EC4124B7138E00446F7C /* AccountViewController.swift in Sources */,
				027F90F224CADD24009899A3 /* FestivalDetailView.swift in Sources */,
				025B0E8124C1541A00A80554 /* FestivalTableView.swift in Sources */,
				026E603B24BD5D45001CB5D4 /* TourSpotCell.swift in Sources */,
			);
			runOnlyForDeploymentPostprocessing = 0;
		};
		0254A2BA24B4155300945CEA /* Sources */ = {
			isa = PBXSourcesBuildPhase;
			buildActionMask = 2147483647;
			files = (
				0254A2C324B4155300945CEA /* TourGuideProjectTests.swift in Sources */,
			);
			runOnlyForDeploymentPostprocessing = 0;
		};
		0254A2C524B4155300945CEA /* Sources */ = {
			isa = PBXSourcesBuildPhase;
			buildActionMask = 2147483647;
			files = (
				0254A2CE24B4155300945CEA /* TourGuideProjectUITests.swift in Sources */,
			);
			runOnlyForDeploymentPostprocessing = 0;
		};
/* End PBXSourcesBuildPhase section */

/* Begin PBXTargetDependency section */
		0254A2C024B4155300945CEA /* PBXTargetDependency */ = {
			isa = PBXTargetDependency;
			target = 0254A2A724B4155100945CEA /* TourGuideProject */;
			targetProxy = 0254A2BF24B4155300945CEA /* PBXContainerItemProxy */;
		};
		0254A2CB24B4155300945CEA /* PBXTargetDependency */ = {
			isa = PBXTargetDependency;
			target = 0254A2A724B4155100945CEA /* TourGuideProject */;
			targetProxy = 0254A2CA24B4155300945CEA /* PBXContainerItemProxy */;
		};
/* End PBXTargetDependency section */

/* Begin PBXVariantGroup section */
		0254A2B624B4155300945CEA /* LaunchScreen.storyboard */ = {
			isa = PBXVariantGroup;
			children = (
				0254A2B724B4155300945CEA /* Base */,
			);
			name = LaunchScreen.storyboard;
			sourceTree = "<group>";
		};
/* End PBXVariantGroup section */

/* Begin XCBuildConfiguration section */
		0254A2D024B4155300945CEA /* Debug */ = {
			isa = XCBuildConfiguration;
			buildSettings = {
				ALWAYS_SEARCH_USER_PATHS = NO;
				CLANG_ANALYZER_NONNULL = YES;
				CLANG_ANALYZER_NUMBER_OBJECT_CONVERSION = YES_AGGRESSIVE;
				CLANG_CXX_LANGUAGE_STANDARD = "gnu++14";
				CLANG_CXX_LIBRARY = "libc++";
				CLANG_ENABLE_MODULES = YES;
				CLANG_ENABLE_OBJC_ARC = YES;
				CLANG_ENABLE_OBJC_WEAK = YES;
				CLANG_WARN_BLOCK_CAPTURE_AUTORELEASING = YES;
				CLANG_WARN_BOOL_CONVERSION = YES;
				CLANG_WARN_COMMA = YES;
				CLANG_WARN_CONSTANT_CONVERSION = YES;
				CLANG_WARN_DEPRECATED_OBJC_IMPLEMENTATIONS = YES;
				CLANG_WARN_DIRECT_OBJC_ISA_USAGE = YES_ERROR;
				CLANG_WARN_DOCUMENTATION_COMMENTS = YES;
				CLANG_WARN_EMPTY_BODY = YES;
				CLANG_WARN_ENUM_CONVERSION = YES;
				CLANG_WARN_INFINITE_RECURSION = YES;
				CLANG_WARN_INT_CONVERSION = YES;
				CLANG_WARN_NON_LITERAL_NULL_CONVERSION = YES;
				CLANG_WARN_OBJC_IMPLICIT_RETAIN_SELF = YES;
				CLANG_WARN_OBJC_LITERAL_CONVERSION = YES;
				CLANG_WARN_OBJC_ROOT_CLASS = YES_ERROR;
				CLANG_WARN_RANGE_LOOP_ANALYSIS = YES;
				CLANG_WARN_STRICT_PROTOTYPES = YES;
				CLANG_WARN_SUSPICIOUS_MOVE = YES;
				CLANG_WARN_UNGUARDED_AVAILABILITY = YES_AGGRESSIVE;
				CLANG_WARN_UNREACHABLE_CODE = YES;
				CLANG_WARN__DUPLICATE_METHOD_MATCH = YES;
				COPY_PHASE_STRIP = NO;
				DEBUG_INFORMATION_FORMAT = dwarf;
				ENABLE_STRICT_OBJC_MSGSEND = YES;
				ENABLE_TESTABILITY = YES;
				GCC_C_LANGUAGE_STANDARD = gnu11;
				GCC_DYNAMIC_NO_PIC = NO;
				GCC_NO_COMMON_BLOCKS = YES;
				GCC_OPTIMIZATION_LEVEL = 0;
				GCC_PREPROCESSOR_DEFINITIONS = (
					"DEBUG=1",
					"$(inherited)",
				);
				GCC_WARN_64_TO_32_BIT_CONVERSION = YES;
				GCC_WARN_ABOUT_RETURN_TYPE = YES_ERROR;
				GCC_WARN_UNDECLARED_SELECTOR = YES;
				GCC_WARN_UNINITIALIZED_AUTOS = YES_AGGRESSIVE;
				GCC_WARN_UNUSED_FUNCTION = YES;
				GCC_WARN_UNUSED_VARIABLE = YES;
				IPHONEOS_DEPLOYMENT_TARGET = 13.5;
				MTL_ENABLE_DEBUG_INFO = INCLUDE_SOURCE;
				MTL_FAST_MATH = YES;
				ONLY_ACTIVE_ARCH = YES;
				SDKROOT = iphoneos;
				SWIFT_ACTIVE_COMPILATION_CONDITIONS = DEBUG;
				SWIFT_OPTIMIZATION_LEVEL = "-Onone";
			};
			name = Debug;
		};
		0254A2D124B4155300945CEA /* Release */ = {
			isa = XCBuildConfiguration;
			buildSettings = {
				ALWAYS_SEARCH_USER_PATHS = NO;
				CLANG_ANALYZER_NONNULL = YES;
				CLANG_ANALYZER_NUMBER_OBJECT_CONVERSION = YES_AGGRESSIVE;
				CLANG_CXX_LANGUAGE_STANDARD = "gnu++14";
				CLANG_CXX_LIBRARY = "libc++";
				CLANG_ENABLE_MODULES = YES;
				CLANG_ENABLE_OBJC_ARC = YES;
				CLANG_ENABLE_OBJC_WEAK = YES;
				CLANG_WARN_BLOCK_CAPTURE_AUTORELEASING = YES;
				CLANG_WARN_BOOL_CONVERSION = YES;
				CLANG_WARN_COMMA = YES;
				CLANG_WARN_CONSTANT_CONVERSION = YES;
				CLANG_WARN_DEPRECATED_OBJC_IMPLEMENTATIONS = YES;
				CLANG_WARN_DIRECT_OBJC_ISA_USAGE = YES_ERROR;
				CLANG_WARN_DOCUMENTATION_COMMENTS = YES;
				CLANG_WARN_EMPTY_BODY = YES;
				CLANG_WARN_ENUM_CONVERSION = YES;
				CLANG_WARN_INFINITE_RECURSION = YES;
				CLANG_WARN_INT_CONVERSION = YES;
				CLANG_WARN_NON_LITERAL_NULL_CONVERSION = YES;
				CLANG_WARN_OBJC_IMPLICIT_RETAIN_SELF = YES;
				CLANG_WARN_OBJC_LITERAL_CONVERSION = YES;
				CLANG_WARN_OBJC_ROOT_CLASS = YES_ERROR;
				CLANG_WARN_RANGE_LOOP_ANALYSIS = YES;
				CLANG_WARN_STRICT_PROTOTYPES = YES;
				CLANG_WARN_SUSPICIOUS_MOVE = YES;
				CLANG_WARN_UNGUARDED_AVAILABILITY = YES_AGGRESSIVE;
				CLANG_WARN_UNREACHABLE_CODE = YES;
				CLANG_WARN__DUPLICATE_METHOD_MATCH = YES;
				COPY_PHASE_STRIP = NO;
				DEBUG_INFORMATION_FORMAT = "dwarf-with-dsym";
				ENABLE_NS_ASSERTIONS = NO;
				ENABLE_STRICT_OBJC_MSGSEND = YES;
				GCC_C_LANGUAGE_STANDARD = gnu11;
				GCC_NO_COMMON_BLOCKS = YES;
				GCC_WARN_64_TO_32_BIT_CONVERSION = YES;
				GCC_WARN_ABOUT_RETURN_TYPE = YES_ERROR;
				GCC_WARN_UNDECLARED_SELECTOR = YES;
				GCC_WARN_UNINITIALIZED_AUTOS = YES_AGGRESSIVE;
				GCC_WARN_UNUSED_FUNCTION = YES;
				GCC_WARN_UNUSED_VARIABLE = YES;
				IPHONEOS_DEPLOYMENT_TARGET = 13.5;
				MTL_ENABLE_DEBUG_INFO = NO;
				MTL_FAST_MATH = YES;
				SDKROOT = iphoneos;
				SWIFT_COMPILATION_MODE = wholemodule;
				SWIFT_OPTIMIZATION_LEVEL = "-O";
				VALIDATE_PRODUCT = YES;
			};
			name = Release;
		};
		0254A2D324B4155300945CEA /* Debug */ = {
			isa = XCBuildConfiguration;
			baseConfigurationReference = B284EF3E6B41EB84C3F8EDA7 /* Pods-TourGuideProject.debug.xcconfig */;
			buildSettings = {
				ASSETCATALOG_COMPILER_APPICON_NAME = AppIcon;
				CODE_SIGN_STYLE = Automatic;
				INFOPLIST_FILE = TourGuideProject/Info.plist;
				IPHONEOS_DEPLOYMENT_TARGET = 13.5;
				LD_RUNPATH_SEARCH_PATHS = (
					"$(inherited)",
					"@executable_path/Frameworks",
				);
				PRODUCT_BUNDLE_IDENTIFIER = hyunndy.TourGuideProject;
				PRODUCT_NAME = "$(TARGET_NAME)";
				SWIFT_VERSION = 5.0;
				TARGETED_DEVICE_FAMILY = "1,2";
			};
			name = Debug;
		};
		0254A2D424B4155300945CEA /* Release */ = {
			isa = XCBuildConfiguration;
			baseConfigurationReference = 4AD49760D0171AE8282A7613 /* Pods-TourGuideProject.release.xcconfig */;
			buildSettings = {
				ASSETCATALOG_COMPILER_APPICON_NAME = AppIcon;
				CODE_SIGN_STYLE = Automatic;
				INFOPLIST_FILE = TourGuideProject/Info.plist;
				IPHONEOS_DEPLOYMENT_TARGET = 13.5;
				LD_RUNPATH_SEARCH_PATHS = (
					"$(inherited)",
					"@executable_path/Frameworks",
				);
				PRODUCT_BUNDLE_IDENTIFIER = hyunndy.TourGuideProject;
				PRODUCT_NAME = "$(TARGET_NAME)";
				SWIFT_VERSION = 5.0;
				TARGETED_DEVICE_FAMILY = "1,2";
			};
			name = Release;
		};
		0254A2D624B4155300945CEA /* Debug */ = {
			isa = XCBuildConfiguration;
			baseConfigurationReference = F21B74F446F8A7B6FDBD90DA /* Pods-TourGuideProjectTests.debug.xcconfig */;
			buildSettings = {
				ALWAYS_EMBED_SWIFT_STANDARD_LIBRARIES = YES;
				BUNDLE_LOADER = "$(TEST_HOST)";
				CODE_SIGN_STYLE = Automatic;
				INFOPLIST_FILE = TourGuideProjectTests/Info.plist;
				IPHONEOS_DEPLOYMENT_TARGET = 13.5;
				LD_RUNPATH_SEARCH_PATHS = (
					"$(inherited)",
					"@executable_path/Frameworks",
					"@loader_path/Frameworks",
				);
				PRODUCT_BUNDLE_IDENTIFIER = hyunndy.TourGuideProjectTests;
				PRODUCT_NAME = "$(TARGET_NAME)";
				SWIFT_VERSION = 5.0;
				TARGETED_DEVICE_FAMILY = "1,2";
				TEST_HOST = "$(BUILT_PRODUCTS_DIR)/TourGuideProject.app/TourGuideProject";
			};
			name = Debug;
		};
		0254A2D724B4155300945CEA /* Release */ = {
			isa = XCBuildConfiguration;
			baseConfigurationReference = 80EBBE3A063824D605F3B2BB /* Pods-TourGuideProjectTests.release.xcconfig */;
			buildSettings = {
				ALWAYS_EMBED_SWIFT_STANDARD_LIBRARIES = YES;
				BUNDLE_LOADER = "$(TEST_HOST)";
				CODE_SIGN_STYLE = Automatic;
				INFOPLIST_FILE = TourGuideProjectTests/Info.plist;
				IPHONEOS_DEPLOYMENT_TARGET = 13.5;
				LD_RUNPATH_SEARCH_PATHS = (
					"$(inherited)",
					"@executable_path/Frameworks",
					"@loader_path/Frameworks",
				);
				PRODUCT_BUNDLE_IDENTIFIER = hyunndy.TourGuideProjectTests;
				PRODUCT_NAME = "$(TARGET_NAME)";
				SWIFT_VERSION = 5.0;
				TARGETED_DEVICE_FAMILY = "1,2";
				TEST_HOST = "$(BUILT_PRODUCTS_DIR)/TourGuideProject.app/TourGuideProject";
			};
			name = Release;
		};
		0254A2D924B4155300945CEA /* Debug */ = {
			isa = XCBuildConfiguration;
			baseConfigurationReference = 8E70A0CD891402995CD34F5E /* Pods-TourGuideProject-TourGuideProjectUITests.debug.xcconfig */;
			buildSettings = {
				ALWAYS_EMBED_SWIFT_STANDARD_LIBRARIES = YES;
				CODE_SIGN_STYLE = Automatic;
				INFOPLIST_FILE = TourGuideProjectUITests/Info.plist;
				LD_RUNPATH_SEARCH_PATHS = (
					"$(inherited)",
					"@executable_path/Frameworks",
					"@loader_path/Frameworks",
				);
				PRODUCT_BUNDLE_IDENTIFIER = hyunndy.TourGuideProjectUITests;
				PRODUCT_NAME = "$(TARGET_NAME)";
				SWIFT_VERSION = 5.0;
				TARGETED_DEVICE_FAMILY = "1,2";
				TEST_TARGET_NAME = TourGuideProject;
			};
			name = Debug;
		};
		0254A2DA24B4155300945CEA /* Release */ = {
			isa = XCBuildConfiguration;
			baseConfigurationReference = D7D0FE120F7C40D191936229 /* Pods-TourGuideProject-TourGuideProjectUITests.release.xcconfig */;
			buildSettings = {
				ALWAYS_EMBED_SWIFT_STANDARD_LIBRARIES = YES;
				CODE_SIGN_STYLE = Automatic;
				INFOPLIST_FILE = TourGuideProjectUITests/Info.plist;
				LD_RUNPATH_SEARCH_PATHS = (
					"$(inherited)",
					"@executable_path/Frameworks",
					"@loader_path/Frameworks",
				);
				PRODUCT_BUNDLE_IDENTIFIER = hyunndy.TourGuideProjectUITests;
				PRODUCT_NAME = "$(TARGET_NAME)";
				SWIFT_VERSION = 5.0;
				TARGETED_DEVICE_FAMILY = "1,2";
				TEST_TARGET_NAME = TourGuideProject;
			};
			name = Release;
		};
/* End XCBuildConfiguration section */

/* Begin XCConfigurationList section */
		0254A2A324B4155100945CEA /* Build configuration list for PBXProject "TourGuideProject" */ = {
			isa = XCConfigurationList;
			buildConfigurations = (
				0254A2D024B4155300945CEA /* Debug */,
				0254A2D124B4155300945CEA /* Release */,
			);
			defaultConfigurationIsVisible = 0;
			defaultConfigurationName = Release;
		};
		0254A2D224B4155300945CEA /* Build configuration list for PBXNativeTarget "TourGuideProject" */ = {
			isa = XCConfigurationList;
			buildConfigurations = (
				0254A2D324B4155300945CEA /* Debug */,
				0254A2D424B4155300945CEA /* Release */,
			);
			defaultConfigurationIsVisible = 0;
			defaultConfigurationName = Release;
		};
		0254A2D524B4155300945CEA /* Build configuration list for PBXNativeTarget "TourGuideProjectTests" */ = {
			isa = XCConfigurationList;
			buildConfigurations = (
				0254A2D624B4155300945CEA /* Debug */,
				0254A2D724B4155300945CEA /* Release */,
			);
			defaultConfigurationIsVisible = 0;
			defaultConfigurationName = Release;
		};
		0254A2D824B4155300945CEA /* Build configuration list for PBXNativeTarget "TourGuideProjectUITests" */ = {
			isa = XCConfigurationList;
			buildConfigurations = (
				0254A2D924B4155300945CEA /* Debug */,
				0254A2DA24B4155300945CEA /* Release */,
			);
			defaultConfigurationIsVisible = 0;
			defaultConfigurationName = Release;
		};
/* End XCConfigurationList section */
	};
	rootObject = 0254A2A024B4155100945CEA /* Project object */;
}
